{
  "requires": true,
  "lockfileVersion": 1,
  "dependencies": {
    "bluebird": {
      "version": "3.5.1",
      "resolved": "https://registry.npmjs.org/bluebird/-/bluebird-3.5.1.tgz",
      "integrity": "sha512-MKiLiV+I1AA596t9w1sQJ8jkiSr5+ZKi0WKrYGUn6d1Fx+Ij4tIj+m2WMQSGczs5jZVxV339chE8iwk6F64wjA==",
      "dev": true
    },
    "grunt-build-control": {
      "version": "0.7.1",
      "resolved": "https://registry.npmjs.org/grunt-build-control/-/grunt-build-control-0.7.1.tgz",
      "integrity": "sha1-lCnTRRZ+eg+8DM3FnLHtvZye4Ng=",
      "dev": true,
      "requires": {
        "bluebird": "3.5.1",
        "semver": "4.3.6",
        "shelljs": "0.2.6"
      }
    },
    "semver": {
      "version": "4.3.6",
      "resolved": "https://registry.npmjs.org/semver/-/semver-4.3.6.tgz",
      "integrity": "sha1-MAvG4OhjdPe6YQaLWx7NV/xlMto=",
      "dev": true
    },
    "shelljs": {
      "version": "0.2.6",
      "resolved": "https://registry.npmjs.org/shelljs/-/shelljs-0.2.6.tgz",
      "integrity": "sha1-kEktcv/MgVmXa6umL7D2iE8MM3g=",
      "dev": true
    }
  }
}
